{
  "originHash" : "ffcd33c11d6a858da277a67ebb3971440321c4cf0486cbc3315709e6e54cfdfc",
  "pins" : [
    {
      "identity" : "dlkit",
      "kind" : "remoteSourceControl",
      "location" : "https://github.com/johnno1962/DLKit",
      "state" : {
        "revision" : "997da8155b2b176376727c1296f3816e25bf3451",
        "version" : "3.5.5"
      }
    },
    {
      "identity" : "fishhook",
      "kind" : "remoteSourceControl",
      "location" : "https://github.com/johnno1962/fishhook",
      "state" : {
        "revision" : "2506520d827ff3f8b5fec800797e10f9b6ef92f5",
        "version" : "1.2.1"
      }
    },
    {
      "identity" : "hotreloading",
      "kind" : "remoteSourceControl",
      "location" : "https://github.com/johnno1962/HotReloading.git",
      "state" : {
        "revision" : "5ad312cd5af048028ac4b668683e56e381d69146",
        "version" : "5.1.0"
      }
    },
    {
      "identity" : "hotswiftui",
      "kind" : "remoteSourceControl",
      "location" : "https://github.com/johnno1962/HotSwiftUI.git",
      "state" : {
        "revision" : "9e701abd2da67c7cfac5b70ae6f225fa92a1c7bc",
        "version" : "1.2.4"
      }
    },
    {
      "identity" : "profileswiftui",
      "kind" : "remoteSourceControl",
      "location" : "https://github.com/johnno1962/ProfileSwiftUI",
      "state" : {
        "revision" : "813bd75cc58be6aa993707c22262fb8f22d112d4",
        "version" : "1.1.3"
      }
    },
    {
      "identity" : "remote",
      "kind" : "remoteSourceControl",
      "location" : "https://github.com/johnno1962/Remote",
      "state" : {
        "revision" : "2a03313297a15f31b354dbf2b40c62ca9630b0a1",
        "version" : "2.3.5"
      }
    },
    {
      "identity" : "swiftregex5",
      "kind" : "remoteSourceControl",
      "location" : "https://github.com/johnno1962/SwiftRegex5",
      "state" : {
        "revision" : "60fde2e2e3b691abb35ba4b67e3f0adc82f6d1f5",
        "version" : "6.1.3"
      }
    },
    {
      "identity" : "swifttrace",
      "kind" : "remoteSourceControl",
      "location" : "https://github.com/johnno1962/SwiftTrace",
      "state" : {
        "revision" : "589f37149d5b32cbdd44c70809df23b4f4fa0260",
        "version" : "8.6.1"
      }
    },
    {
      "identity" : "xcodebuild-nvim-preview",
      "kind" : "remoteSourceControl",
      "location" : "https://github.com/wojciech-kulik/xcodebuild-nvim-preview",
      "state" : {
        "revision" : "863260fe5fa0177807f4afda92aacc278dfc3ff1",
        "version" : "1.0.11"
      }
    },
    {
      "identity" : "xprobeplugin",
      "kind" : "remoteSourceControl",
      "location" : "https://github.com/johnno1962/XprobePlugin",
      "state" : {
        "revision" : "c80f086ca7038c5e9236e1b15fea3f9e59395183",
        "version" : "2.9.10"
      }
    }
  ],
  "version" : 3
}
